
Microsoft Visual Studio Solution File, Format Version 12.00
# Visual Studio 14
VisualStudioVersion = 14.0.25420.1
MinimumVisualStudioVersion = 10.0.40219.1
Project("{FAE04EC0-301F-11D3-BF4B-00C04F79EFBC}") = "BookStore.Web.Api", "BookStore.Web.Api\BookStore.Web.Api.csproj", "{AC5347E8-68D6-4411-8B78-BCE2E4C5257A}"
EndProject
Project("{FAE04EC0-301F-11D3-BF4B-00C04F79EFBC}") = "BookStore.Domain", "BookStore.Domain\BookStore.Domain.csproj", "{0DD95D99-815D-4BE5-84CD-BC5E64CFE564}"
EndProject
Global
	GlobalSection(SolutionConfigurationPlatforms) = preSolution
		Debug|Any CPU = Debug|Any CPU
		Release|Any CPU = Release|Any CPU
	EndGlobalSection
	GlobalSection(ProjectConfigurationPlatforms) = postSolution
		{AC5347E8-68D6-4411-8B78-BCE2E4C5257A}.Debug|Any CPU.ActiveCfg = Debug|Any CPU
		{AC5347E8-68D6-4411-8B78-BCE2E4C5257A}.Debug|Any CPU.Build.0 = Debug|Any CPU
		{AC5347E8-68D6-4411-8B78-BCE2E4C5257A}.Release|Any CPU.ActiveCfg = Release|Any CPU
		{AC5347E8-68D6-4411-8B78-BCE2E4C5257A}.Release|Any CPU.Build.0 = Release|Any CPU
		{0DD95D99-815D-4BE5-84CD-BC5E64CFE564}.Debug|Any CPU.ActiveCfg = Debug|Any CPU
		{0DD95D99-815D-4BE5-84CD-BC5E64CFE564}.Debug|Any CPU.Build.0 = Debug|Any CPU
		{0DD95D99-815D-4BE5-84CD-BC5E64CFE564}.Release|Any CPU.ActiveCfg = Release|Any CPU
		{0DD95D99-815D-4BE5-84CD-BC5E64CFE564}.Release|Any CPU.Build.0 = Release|Any CPU
	EndGlobalSection
	GlobalSection(SolutionProperties) = preSolution
		HideSolutionNode = FALSE
	EndGlobalSection
EndGlobal
